{
  "name": "hireflesh",
  "version": "1.0.0",
  "lockfileVersion": 3,
  "requires": true,
  "packages": {
    "": {
      "name": "hireflesh",
      "version": "1.0.0",
      "license": "MIT",
      "devDependencies": {
        "@types/node": "^20.0.0",
        "openclaw": "file:/home/csiszi/.nvm/versions/node/v23.6.0/lib/node_modules/openclaw",
        "typescript": "^5.3.0"
      },
      "peerDependencies": {
        "openclaw": ">=2026.1"
      },
      "peerDependenciesMeta": {
        "openclaw": {
          "optional": true
        }
      }
    },
    "../../../../.nvm/versions/node/v23.6.0/lib/node_modules/openclaw": {
      "version": "2026.2.22-2",
      "dev": true,
      "license": "MIT",
      "dependencies": {
        "@agentclientprotocol/sdk": "0.14.1",
        "@aws-sdk/client-bedrock": "^3.995.0",
        "@buape/carbon": "0.0.0-beta-20260216184201",
        "@clack/prompts": "^1.0.1",
        "@discordjs/voice": "^0.19.0",
        "@grammyjs/runner": "^2.0.3",
        "@grammyjs/transformer-throttler": "^1.2.1",
        "@homebridge/ciao": "^1.3.5",
        "@larksuiteoapi/node-sdk": "^1.59.0",
        "@line/bot-sdk": "^10.6.0",
        "@lydell/node-pty": "1.2.0-beta.3",
        "@mariozechner/pi-agent-core": "0.54.1",
        "@mariozechner/pi-ai": "0.54.1",
        "@mariozechner/pi-coding-agent": "0.54.1",
        "@mariozechner/pi-tui": "0.54.1",
        "@mozilla/readability": "^0.6.0",
        "@sinclair/typebox": "0.34.48",
        "@slack/bolt": "^4.6.0",
        "@slack/web-api": "^7.14.1",
        "@whiskeysockets/baileys": "7.0.0-rc.9",
        "ajv": "^8.18.0",
        "chalk": "^5.6.2",
        "chokidar": "^5.0.0",
        "cli-highlight": "^2.1.11",
        "commander": "^14.0.3",
        "croner": "^10.0.1",
        "discord-api-types": "^0.38.40",
        "dotenv": "^17.3.1",
        "express": "^5.2.1",
        "file-type": "^21.3.0",
        "grammy": "^1.40.0",
        "https-proxy-agent": "^7.0.6",
        "ipaddr.js": "^2.3.0",
        "jiti": "^2.6.1",
        "json5": "^2.2.3",
        "jszip": "^3.10.1",
        "linkedom": "^0.18.12",
        "long": "^5.3.2",
        "markdown-it": "^14.1.1",
        "node-edge-tts": "^1.2.10",
        "opusscript": "^0.0.8",
        "osc-progress": "^0.3.0",
        "pdfjs-dist": "^5.4.624",
        "playwright-core": "1.58.2",
        "qrcode-terminal": "^0.12.0",
        "sharp": "^0.34.5",
        "sqlite-vec": "0.1.7-alpha.2",
        "tar": "7.5.9",
        "tslog": "^4.10.2",
        "undici": "^7.22.0",
        "ws": "^8.19.0",
        "yaml": "^2.8.2",
        "zod": "^4.3.6"
      },
      "bin": {
        "openclaw": "openclaw.mjs"
      },
      "devDependencies": {
        "@grammyjs/types": "^3.24.0",
        "@lit-labs/signals": "^0.2.0",
        "@lit/context": "^1.1.6",
        "@types/express": "^5.0.6",
        "@types/markdown-it": "^14.1.2",
        "@types/node": "^25.3.0",
        "@types/qrcode-terminal": "^0.12.2",
        "@types/ws": "^8.18.1",
        "@typescript/native-preview": "7.0.0-dev.20260222.1",
        "@vitest/coverage-v8": "^4.0.18",
        "lit": "^3.3.2",
        "oxfmt": "0.34.0",
        "oxlint": "^1.49.0",
        "oxlint-tsgolint": "^0.14.2",
        "signal-utils": "0.21.1",
        "tsdown": "^0.20.3",
        "tsx": "^4.21.0",
        "typescript": "^5.9.3",
        "vitest": "^4.0.18"
      },
      "engines": {
        "node": ">=22.12.0"
      },
      "optionalDependencies": {
        "@discordjs/opus": "^0.10.0"
      },
      "peerDependencies": {
        "@napi-rs/canvas": "^0.1.89",
        "node-llama-cpp": "3.15.1"
      }
    },
    "node_modules/@types/node": {
      "version": "20.19.37",
      "resolved": "https://registry.npmjs.org/@types/node/-/node-20.19.37.tgz",
      "integrity": "sha512-8kzdPJ3FsNsVIurqBs7oodNnCEVbni9yUEkaHbgptDACOPW04jimGagZ51E6+lXUwJjgnBw+hyko/lkFWCldqw==",
      "dev": true,
      "license": "MIT",
      "dependencies": {
        "undici-types": "~6.21.0"
      }
    },
    "node_modules/openclaw": {
      "resolved": "../../../../.nvm/versions/node/v23.6.0/lib/node_modules/openclaw",
      "link": true
    },
    "node_modules/typescript": {
      "version": "5.9.3",
      "resolved": "https://registry.npmjs.org/typescript/-/typescript-5.9.3.tgz",
      "integrity": "sha512-jl1vZzPDinLr9eUt3J/t7V6FgNEw9QjvBPdysz9KfQDD41fQrC2Y4vKQdiaUpFT4bXlb1RHhLpp8wtm6M5TgSw==",
      "dev": true,
      "license": "Apache-2.0",
      "bin": {
        "tsc": "bin/tsc",
        "tsserver": "bin/tsserver"
      },
      "engines": {
        "node": ">=14.17"
      }
    },
    "node_modules/undici-types": {
      "version": "6.21.0",
      "resolved": "https://registry.npmjs.org/undici-types/-/undici-types-6.21.0.tgz",
      "integrity": "sha512-iwDZqg0QAGrg9Rav5H4n0M64c3mkR59cJ6wQp+7C4nI0gsmExaedaYLNO44eT4AtBBwjbTiGPMlt2Md0T9H9JQ==",
      "dev": true,
      "license": "MIT"
    }
  }
}
